{
  "name": "ANSAS_Project",
  "lockfileVersion": 3,
  "requires": true,
  "packages": {
    "": {
      "dependencies": {
        "cvss": "^1.0.5"
      }
    },
    "node_modules/cvss": {
      "version": "1.0.5",
      "resolved": "https://registry.npmjs.org/cvss/-/cvss-1.0.5.tgz",
      "integrity": "sha512-lfApnkcBoP+3viCUFOrqRmeqsyoIuiXouYg3Gt+1f3wsYzm1xDXnvyyMiPGoODFYWnoAl9LHPWWJH5zM6HaUoA==",
      "license": "ISC"
    }
  }
}
